
Microsoft Visual Studio Solution File, Format Version 12.00
# Visual Studio 14
VisualStudioVersion = 14.0.24720.0
MinimumVisualStudioVersion = 10.0.40219.1
Project("{FAE04EC0-301F-11D3-BF4B-00C04F79EFBC}") = "Listener-Universal", "Listener-Universal\Listener-Universal.csproj", "{14996404-3401-4888-8A23-C3465F91D186}"
EndProject
Project("{D954291E-2A0B-460D-934E-DC6B0785DB48}") = "shared", "shared\shared.shproj", "{FBA466B8-E9B4-417E-BA0F-A43E0F7FF8AD}"
EndProject
Project("{FAE04EC0-301F-11D3-BF4B-00C04F79EFBC}") = "Listener-Forms", "Listener-Forms\Listener-Forms.csproj", "{B5207B70-BE2E-4E5B-96E3-925EE59D721D}"
EndProject
Project("{FAE04EC0-301F-11D3-BF4B-00C04F79EFBC}") = "Test Sender", "Test Sender\Test Sender.csproj", "{8ADBE23F-3D05-4179-A60F-0F398F7A1218}"
EndProject
Global
	GlobalSection(SharedMSBuildProjectFiles) = preSolution
		shared\shared.projitems*{b5207b70-be2e-4e5b-96e3-925ee59d721d}*SharedItemsImports = 4
		shared\shared.projitems*{fba466b8-e9b4-417e-ba0f-a43e0f7ff8ad}*SharedItemsImports = 13
		shared\shared.projitems*{14996404-3401-4888-8a23-c3465f91d186}*SharedItemsImports = 4
	EndGlobalSection
	GlobalSection(SolutionConfigurationPlatforms) = preSolution
		Debug|Any CPU = Debug|Any CPU
		Debug|ARM = Debug|ARM
		Debug|x64 = Debug|x64
		Debug|x86 = Debug|x86
		Release|Any CPU = Release|Any CPU
		Release|ARM = Release|ARM
		Release|x64 = Release|x64
		Release|x86 = Release|x86
	EndGlobalSection
	GlobalSection(ProjectConfigurationPlatforms) = postSolution
		{14996404-3401-4888-8A23-C3465F91D186}.Debug|Any CPU.ActiveCfg = Debug|x86
		{14996404-3401-4888-8A23-C3465F91D186}.Debug|ARM.ActiveCfg = Debug|ARM
		{14996404-3401-4888-8A23-C3465F91D186}.Debug|ARM.Build.0 = Debug|ARM
		{14996404-3401-4888-8A23-C3465F91D186}.Debug|ARM.Deploy.0 = Debug|ARM
		{14996404-3401-4888-8A23-C3465F91D186}.Debug|x64.ActiveCfg = Debug|x64
		{14996404-3401-4888-8A23-C3465F91D186}.Debug|x64.Build.0 = Debug|x64
		{14996404-3401-4888-8A23-C3465F91D186}.Debug|x64.Deploy.0 = Debug|x64
		{14996404-3401-4888-8A23-C3465F91D186}.Debug|x86.ActiveCfg = Debug|x86
		{14996404-3401-4888-8A23-C3465F91D186}.Debug|x86.Build.0 = Debug|x86
		{14996404-3401-4888-8A23-C3465F91D186}.Debug|x86.Deploy.0 = Debug|x86
		{14996404-3401-4888-8A23-C3465F91D186}.Release|Any CPU.ActiveCfg = Release|x86
		{14996404-3401-4888-8A23-C3465F91D186}.Release|ARM.ActiveCfg = Release|ARM
		{14996404-3401-4888-8A23-C3465F91D186}.Release|ARM.Build.0 = Release|ARM
		{14996404-3401-4888-8A23-C3465F91D186}.Release|ARM.Deploy.0 = Release|ARM
		{14996404-3401-4888-8A23-C3465F91D186}.Release|x64.ActiveCfg = Release|x64
		{14996404-3401-4888-8A23-C3465F91D186}.Release|x64.Build.0 = Release|x64
		{14996404-3401-4888-8A23-C3465F91D186}.Release|x64.Deploy.0 = Release|x64
		{14996404-3401-4888-8A23-C3465F91D186}.Release|x86.ActiveCfg = Release|x86
		{14996404-3401-4888-8A23-C3465F91D186}.Release|x86.Build.0 = Release|x86
		{14996404-3401-4888-8A23-C3465F91D186}.Release|x86.Deploy.0 = Release|x86
		{B5207B70-BE2E-4E5B-96E3-925EE59D721D}.Debug|Any CPU.ActiveCfg = Debug|Any CPU
		{B5207B70-BE2E-4E5B-96E3-925EE59D721D}.Debug|Any CPU.Build.0 = Debug|Any CPU
		{B5207B70-BE2E-4E5B-96E3-925EE59D721D}.Debug|ARM.ActiveCfg = Debug|Any CPU
		{B5207B70-BE2E-4E5B-96E3-925EE59D721D}.Debug|ARM.Build.0 = Debug|Any CPU
		{B5207B70-BE2E-4E5B-96E3-925EE59D721D}.Debug|x64.ActiveCfg = Debug|Any CPU
		{B5207B70-BE2E-4E5B-96E3-925EE59D721D}.Debug|x64.Build.0 = Debug|Any CPU
		{B5207B70-BE2E-4E5B-96E3-925EE59D721D}.Debug|x86.ActiveCfg = Debug|Any CPU
		{B5207B70-BE2E-4E5B-96E3-925EE59D721D}.Debug|x86.Build.0 = Debug|Any CPU
		{B5207B70-BE2E-4E5B-96E3-925EE59D721D}.Release|Any CPU.ActiveCfg = Release|Any CPU
		{B5207B70-BE2E-4E5B-96E3-925EE59D721D}.Release|Any CPU.Build.0 = Release|Any CPU
		{B5207B70-BE2E-4E5B-96E3-925EE59D721D}.Release|ARM.ActiveCfg = Release|Any CPU
		{B5207B70-BE2E-4E5B-96E3-925EE59D721D}.Release|ARM.Build.0 = Release|Any CPU
		{B5207B70-BE2E-4E5B-96E3-925EE59D721D}.Release|x64.ActiveCfg = Release|Any CPU
		{B5207B70-BE2E-4E5B-96E3-925EE59D721D}.Release|x64.Build.0 = Release|Any CPU
		{B5207B70-BE2E-4E5B-96E3-925EE59D721D}.Release|x86.ActiveCfg = Release|Any CPU
		{B5207B70-BE2E-4E5B-96E3-925EE59D721D}.Release|x86.Build.0 = Release|Any CPU
		{8ADBE23F-3D05-4179-A60F-0F398F7A1218}.Debug|Any CPU.ActiveCfg = Debug|Any CPU
		{8ADBE23F-3D05-4179-A60F-0F398F7A1218}.Debug|Any CPU.Build.0 = Debug|Any CPU
		{8ADBE23F-3D05-4179-A60F-0F398F7A1218}.Debug|ARM.ActiveCfg = Debug|Any CPU
		{8ADBE23F-3D05-4179-A60F-0F398F7A1218}.Debug|ARM.Build.0 = Debug|Any CPU
		{8ADBE23F-3D05-4179-A60F-0F398F7A1218}.Debug|x64.ActiveCfg = Debug|Any CPU
		{8ADBE23F-3D05-4179-A60F-0F398F7A1218}.Debug|x64.Build.0 = Debug|Any CPU
		{8ADBE23F-3D05-4179-A60F-0F398F7A1218}.Debug|x86.ActiveCfg = Debug|Any CPU
		{8ADBE23F-3D05-4179-A60F-0F398F7A1218}.Debug|x86.Build.0 = Debug|Any CPU
		{8ADBE23F-3D05-4179-A60F-0F398F7A1218}.Release|Any CPU.ActiveCfg = Release|Any CPU
		{8ADBE23F-3D05-4179-A60F-0F398F7A1218}.Release|Any CPU.Build.0 = Release|Any CPU
		{8ADBE23F-3D05-4179-A60F-0F398F7A1218}.Release|ARM.ActiveCfg = Release|Any CPU
		{8ADBE23F-3D05-4179-A60F-0F398F7A1218}.Release|ARM.Build.0 = Release|Any CPU
		{8ADBE23F-3D05-4179-A60F-0F398F7A1218}.Release|x64.ActiveCfg = Release|Any CPU
		{8ADBE23F-3D05-4179-A60F-0F398F7A1218}.Release|x64.Build.0 = Release|Any CPU
		{8ADBE23F-3D05-4179-A60F-0F398F7A1218}.Release|x86.ActiveCfg = Release|Any CPU
		{8ADBE23F-3D05-4179-A60F-0F398F7A1218}.Release|x86.Build.0 = Release|Any CPU
	EndGlobalSection
	GlobalSection(SolutionProperties) = preSolution
		HideSolutionNode = FALSE
	EndGlobalSection
EndGlobal
